Microsoft Visual Studio Solution File, Format Version 12.00
Project("{E24C65DC-7377-472B-9ABA-BCSG3B73C61A}") = "RecolorsPlatformless", "RecolorsPlatformless/Recolors.csproj", "{F8F4E96F-40BF-4374-B8BA-968D0SGG4A9E}"
EndProject
Global
    GlobalSection(SolutionConfigurationPlatforms) = preSolution
        Debug|Any CPU = Debug|Any CPU
        Release|Any CPU = Release|Any CPU
    EndGlobalSection
    GlobalSection(ProjectConfigurationPlatforms) = postSolution
        {F8F4E96F-40BF-4374-B8BA-968D0SGG4A9E}.Debug|Any CPU.ActiveCfg = Debug|Any CPU
        {F8F4E96F-40BF-4374-B8BA-968D0SGG4A9E}.Debug|Any CPU.Build.0 = Debug|Any CPU
        {F8F4E96F-40BF-4374-B8BA-968D0SGG4A9E}.Release|Any CPU.ActiveCfg = Release|Any CPU
        {F8F4E96F-40BF-4374-B8BA-968D0SGG4A9E}.Release|Any CPU.Build.0 = Release|Any CPU
    EndGlobalSection
    GlobalSection(SolutionProperties) = preSolution
        HideSolutionNode = FALSE
    EndGlobalSection
    GlobalSection(ExtensibilityGlobals) = postSolution
        SolutionGuid = {C70938D8-4A8D-4859-A1EF-7973B2CB1657}
    EndGlobalSection
EndGlobal